// !$*UTF8*$!
{
	archiveVersion = 1;
	classes = {
	};
	objectVersion = 55;
	objects = {

/* Begin PBXBuildFile section */
		9766C71C28FC372700C358BF /* AppDelegate.swift in Sources */ = {isa = PBXBuildFile; fileRef = 9766C71B28FC372700C358BF /* AppDelegate.swift */; };
		9766C71E28FC372700C358BF /* SceneDelegate.swift in Sources */ = {isa = PBXBuildFile; fileRef = 9766C71D28FC372700C358BF /* SceneDelegate.swift */; };
		9766C72028FC372700C358BF /* ViewController.swift in Sources */ = {isa = PBXBuildFile; fileRef = 9766C71F28FC372700C358BF /* ViewController.swift */; };
		9766C72328FC372700C358BF /* Main.storyboard in Resources */ = {isa = PBXBuildFile; fileRef = 9766C72128FC372700C358BF /* Main.storyboard */; };
		9766C72528FC372800C358BF /* Assets.xcassets in Resources */ = {isa = PBXBuildFile; fileRef = 9766C72428FC372800C358BF /* Assets.xcassets */; };
		9766C72828FC372800C358BF /* LaunchScreen.storyboard in Resources */ = {isa = PBXBuildFile; fileRef = 9766C72628FC372800C358BF /* LaunchScreen.storyboard */; };
		9766C73028FC3EC400C358BF /* wallpapper_toys.jpg in Resources */ = {isa = PBXBuildFile; fileRef = 9766C72F28FC3EC400C358BF /* wallpapper_toys.jpg */; };
/* End PBXBuildFile section */

/* Begin PBXFileReference section */
		9766C71828FC372700C358BF /* AdrianoAndersonGustavoLuisPaulo.app */ = {isa = PBXFileReference; explicitFileType = wrapper.application; includeInIndex = 0; path = AdrianoAndersonGustavoLuisPaulo.app; sourceTree = BUILT_PRODUCTS_DIR; };
		9766C71B28FC372700C358BF /* AppDelegate.swift */ = {isa = PBXFileReference; lastKnownFileType = sourcecode.swift; path = AppDelegate.swift; sourceTree = "<group>"; };
		9766C71D28FC372700C358BF /* SceneDelegate.swift */ = {isa = PBXFileReference; lastKnownFileType = sourcecode.swift; path = SceneDelegate.swift; sourceTree = "<group>"; };
		9766C71F28FC372700C358BF /* ViewController.swift */ = {isa = PBXFileReference; lastKnownFileType = sourcecode.swift; path = ViewController.swift; sourceTree = "<group>"; };
		9766C72228FC372700C358BF /* Base */ = {isa = PBXFileReference; lastKnownFileType = file.storyboard; name = Base; path = Base.lproj/Main.storyboard; sourceTree = "<group>"; };
		9766C72428FC372800C358BF /* Assets.xcassets */ = {isa = PBXFileReference; lastKnownFileType = folder.assetcatalog; path = Assets.xcassets; sourceTree = "<group>"; };
		9766C72728FC372800C358BF /* Base */ = {isa = PBXFileReference; lastKnownFileType = file.storyboard; name = Base; path = Base.lproj/LaunchScreen.storyboard; sourceTree = "<group>"; };
		9766C72928FC372800C358BF /* Info.plist */ = {isa = PBXFileReference; lastKnownFileType = text.plist.xml; path = Info.plist; sourceTree = "<group>"; };
		9766C72F28FC3EC400C358BF /* wallpapper_toys.jpg */ = {isa = PBXFileReference; lastKnownFileType = image.jpeg; path = wallpapper_toys.jpg; sourceTree = "<group>"; };
/* End PBXFileReference section */

/* Begin PBXFrameworksBuildPhase section */
		9766C71528FC372700C358BF /* Frameworks */ = {
			isa = PBXFrameworksBuildPhase;
			buildActionMask = 2147483647;
			files = (
			);
			runOnlyForDeploymentPostprocessing = 0;
		};
/* End PBXFrameworksBuildPhase section */

/* Begin PBXGroup section */
		9766C70F28FC372700C358BF = {
			isa = PBXGroup;
			children = (
				9766C71A28FC372700C358BF /* AdrianoAndersonGustavoLuisPaulo */,
				9766C71928FC372700C358BF /* Products */,
			);
			sourceTree = "<group>";
		};
		9766C71928FC372700C358BF /* Products */ = {
			isa = PBXGroup;
			children = (
				9766C71828FC372700C358BF /* AdrianoAndersonGustavoLuisPaulo.app */,
			);
			name = Products;
			sourceTree = "<group>";
		};
		9766C71A28FC372700C358BF /* AdrianoAndersonGustavoLuisPaulo */ = {
			isa = PBXGroup;
			children = (
				9766C71B28FC372700C358BF /* AppDelegate.swift */,
				9766C71D28FC372700C358BF /* SceneDelegate.swift */,
				9766C71F28FC372700C358BF /* ViewController.swift */,
				9766C72128FC372700C358BF /* Main.storyboard */,
				9766C72428FC372800C358BF /* Assets.xcassets */,
				9766C73528FC422C00C358BF /* Public */,
				9766C72628FC372800C358BF /* LaunchScreen.storyboard */,
				9766C72928FC372800C358BF /* Info.plist */,
			);
			path = AdrianoAndersonGustavoLuisPaulo;
			sourceTree = "<group>";
		};
		9766C73328FC410800C358BF /* images */ = {
			isa = PBXGroup;
			children = (
				9766C72F28FC3EC400C358BF /* wallpapper_toys.jpg */,
			);
			path = images;
			sourceTree = "<group>";
		};
		9766C73528FC422C00C358BF /* Public */ = {
			isa = PBXGroup;
			children = (
				9766C73628FC423400C358BF /* Shared */,
			);
			path = Public;
			sourceTree = "<group>";
		};
		9766C73628FC423400C358BF /* Shared */ = {
			isa = PBXGroup;
			children = (
				9766C73328FC410800C358BF /* images */,
			);
			path = Shared;
			sourceTree = "<group>";
		};
/* End PBXGroup section */

/* Begin PBXNativeTarget section */
		9766C71728FC372700C358BF /* AdrianoAndersonGustavoLuisPaulo */ = {
			isa = PBXNativeTarget;
			buildConfigurationList = 9766C72C28FC372800C358BF /* Build configuration list for PBXNativeTarget "AdrianoAndersonGustavoLuisPaulo" */;
			buildPhases = (
				9766C71428FC372700C358BF /* Sources */,
				9766C71528FC372700C358BF /* Frameworks */,
				9766C71628FC372700C358BF /* Resources */,
			);
			buildRules = (
			);
			dependencies = (
			);
			name = AdrianoAndersonGustavoLuisPaulo;
			productName = AdrianoAndersonGustavoLuisPaulo;
			productReference = 9766C71828FC372700C358BF /* AdrianoAndersonGustavoLuisPaulo.app */;
			productType = "com.apple.product-type.application";
		};
/* End PBXNativeTarget section */

/* Begin PBXProject section */
		9766C71028FC372700C358BF /* Project object */ = {
			isa = PBXProject;
			attributes = {
				BuildIndependentTargetsInParallel = 1;
				LastSwiftUpdateCheck = 1310;
				LastUpgradeCheck = 1310;
				TargetAttributes = {
					9766C71728FC372700C358BF = {
						CreatedOnToolsVersion = 13.1;
					};
				};
			};
			buildConfigurationList = 9766C71328FC372700C358BF /* Build configuration list for PBXProject "AdrianoAndersonGustavoLuisPaulo" */;
			compatibilityVersion = "Xcode 13.0";
			developmentRegion = en;
			hasScannedForEncodings = 0;
			knownRegions = (
				en,
				Base,
			);
			mainGroup = 9766C70F28FC372700C358BF;
			productRefGroup = 9766C71928FC372700C358BF /* Products */;
			projectDirPath = "";
			projectRoot = "";
			targets = (
				9766C71728FC372700C358BF /* AdrianoAndersonGustavoLuisPaulo */,
			);
		};
/* End PBXProject section */

/* Begin PBXResourcesBuildPhase section */
		9766C71628FC372700C358BF /* Resources */ = {
			isa = PBXResourcesBuildPhase;
			buildActionMask = 2147483647;
			files = (
				9766C73028FC3EC400C358BF /* wallpapper_toys.jpg in Resources */,
				9766C72828FC372800C358BF /* LaunchScreen.storyboard in Resources */,
				9766C72528FC372800C358BF /* Assets.xcassets in Resources */,
				9766C72328FC372700C358BF /* Main.storyboard in Resources */,
			);
			runOnlyForDeploymentPostprocessing = 0;
		};
/* End PBXResourcesBuildPhase section */

/* Begin PBXSourcesBuildPhase section */
		9766C71428FC372700C358BF /* Sources */ = {
			isa = PBXSourcesBuildPhase;
			buildActionMask = 2147483647;
			files = (
				9766C72028FC372700C358BF /* ViewController.swift in Sources */,
				9766C71C28FC372700C358BF /* AppDelegate.swift in Sources */,
				9766C71E28FC372700C358BF /* SceneDelegate.swift in Sources */,
			);
			runOnlyForDeploymentPostprocessing = 0;
		};
/* End PBXSourcesBuildPhase section */

/* Begin PBXVariantGroup section */
		9766C72128FC372700C358BF /* Main.storyboard */ = {
			isa = PBXVariantGroup;
			children = (
				9766C72228FC372700C358BF /* Base */,
			);
			name = Main.storyboard;
			sourceTree = "<group>";
		};
		9766C72628FC372800C358BF /* LaunchScreen.storyboard */ = {
			isa = PBXVariantGroup;
			children = (
				9766C72728FC372800C358BF /* Base */,
			);
			name = LaunchScreen.storyboard;
			sourceTree = "<group>";
		};
/* End PBXVariantGroup section */

/* Begin XCBuildConfiguration section */
		9766C72A28FC372800C358BF /* Debug */ = {
			isa = XCBuildConfiguration;
			buildSettings = {
				ALWAYS_SEARCH_USER_PATHS = NO;
				CLANG_ANALYZER_NONNULL = YES;
				CLANG_ANALYZER_NUMBER_OBJECT_CONVERSION = YES_AGGRESSIVE;
				CLANG_CXX_LANGUAGE_STANDARD = "gnu++17";
				CLANG_CXX_LIBRARY = "libc++";
				CLANG_ENABLE_MODULES = YES;
				CLANG_ENABLE_OBJC_ARC = YES;
				CLANG_ENABLE_OBJC_WEAK = YES;
				CLANG_WARN_BLOCK_CAPTURE_AUTORELEASING = YES;
				CLANG_WARN_BOOL_CONVERSION = YES;
				CLANG_WARN_COMMA = YES;
				CLANG_WARN_CONSTANT_CONVERSION = YES;
				CLANG_WARN_DEPRECATED_OBJC_IMPLEMENTATIONS = YES;
				CLANG_WARN_DIRECT_OBJC_ISA_USAGE = YES_ERROR;
				CLANG_WARN_DOCUMENTATION_COMMENTS = YES;
				CLANG_WARN_EMPTY_BODY = YES;
				CLANG_WARN_ENUM_CONVERSION = YES;
				CLANG_WARN_INFINITE_RECURSION = YES;
				CLANG_WARN_INT_CONVERSION = YES;
				CLANG_WARN_NON_LITERAL_NULL_CONVERSION = YES;
				CLANG_WARN_OBJC_IMPLICIT_RETAIN_SELF = YES;
				CLANG_WARN_OBJC_LITERAL_CONVERSION = YES;
				CLANG_WARN_OBJC_ROOT_CLASS = YES_ERROR;
				CLANG_WARN_QUOTED_INCLUDE_IN_FRAMEWORK_HEADER = YES;
				CLANG_WARN_RANGE_LOOP_ANALYSIS = YES;
				CLANG_WARN_STRICT_PROTOTYPES = YES;
				CLANG_WARN_SUSPICIOUS_MOVE = YES;
				CLANG_WARN_UNGUARDED_AVAILABILITY = YES_AGGRESSIVE;
				CLANG_WARN_UNREACHABLE_CODE = YES;
				CLANG_WARN__DUPLICATE_METHOD_MATCH = YES;
				COPY_PHASE_STRIP = NO;
				DEBUG_INFORMATION_FORMAT = dwarf;
				ENABLE_STRICT_OBJC_MSGSEND = YES;
				ENABLE_TESTABILITY = YES;
				GCC_C_LANGUAGE_STANDARD = gnu11;
				GCC_DYNAMIC_NO_PIC = NO;
				GCC_NO_COMMON_BLOCKS = YES;
				GCC_OPTIMIZATION_LEVEL = 0;
				GCC_PREPROCESSOR_DEFINITIONS = (
					"DEBUG=1",
					"$(inherited)",
				);
				GCC_WARN_64_TO_32_BIT_CONVERSION = YES;
				GCC_WARN_ABOUT_RETURN_TYPE = YES_ERROR;
				GCC_WARN_UNDECLARED_SELECTOR = YES;
				GCC_WARN_UNINITIALIZED_AUTOS = YES_AGGRESSIVE;
				GCC_WARN_UNUSED_FUNCTION = YES;
				GCC_WARN_UNUSED_VARIABLE = YES;
				IPHONEOS_DEPLOYMENT_TARGET = 15.0;
				MTL_ENABLE_DEBUG_INFO = INCLUDE_SOURCE;
				MTL_FAST_MATH = YES;
				ONLY_ACTIVE_ARCH = YES;
				SDKROOT = iphoneos;
				SWIFT_ACTIVE_COMPILATION_CONDITIONS = DEBUG;
				SWIFT_OPTIMIZATION_LEVEL = "-Onone";
			};
			name = Debug;
		};
		9766C72B28FC372800C358BF /* Release */ = {
			isa = XCBuildConfiguration;
			buildSettings = {
				ALWAYS_SEARCH_USER_PATHS = NO;
				CLANG_ANALYZER_NONNULL = YES;
				CLANG_ANALYZER_NUMBER_OBJECT_CONVERSION = YES_AGGRESSIVE;
				CLANG_CXX_LANGUAGE_STANDARD = "gnu++17";
				CLANG_CXX_LIBRARY = "libc++";
				CLANG_ENABLE_MODULES = YES;
				CLANG_ENABLE_OBJC_ARC = YES;
				CLANG_ENABLE_OBJC_WEAK = YES;
				CLANG_WARN_BLOCK_CAPTURE_AUTORELEASING = YES;
				CLANG_WARN_BOOL_CONVERSION = YES;
				CLANG_WARN_COMMA = YES;
				CLANG_WARN_CONSTANT_CONVERSION = YES;
				CLANG_WARN_DEPRECATED_OBJC_IMPLEMENTATIONS = YES;
				CLANG_WARN_DIRECT_OBJC_ISA_USAGE = YES_ERROR;
				CLANG_WARN_DOCUMENTATION_COMMENTS = YES;
				CLANG_WARN_EMPTY_BODY = YES;
				CLANG_WARN_ENUM_CONVERSION = YES;
				CLANG_WARN_INFINITE_RECURSION = YES;
				CLANG_WARN_INT_CONVERSION = YES;
				CLANG_WARN_NON_LITERAL_NULL_CONVERSION = YES;
				CLANG_WARN_OBJC_IMPLICIT_RETAIN_SELF = YES;
				CLANG_WARN_OBJC_LITERAL_CONVERSION = YES;
				CLANG_WARN_OBJC_ROOT_CLASS = YES_ERROR;
				CLANG_WARN_QUOTED_INCLUDE_IN_FRAMEWORK_HEADER = YES;
				CLANG_WARN_RANGE_LOOP_ANALYSIS = YES;
				CLANG_WARN_STRICT_PROTOTYPES = YES;
				CLANG_WARN_SUSPICIOUS_MOVE = YES;
				CLANG_WARN_UNGUARDED_AVAILABILITY = YES_AGGRESSIVE;
				CLANG_WARN_UNREACHABLE_CODE = YES;
				CLANG_WARN__DUPLICATE_METHOD_MATCH = YES;
				COPY_PHASE_STRIP = NO;
				DEBUG_INFORMATION_FORMAT = "dwarf-with-dsym";
				ENABLE_NS_ASSERTIONS = NO;
				ENABLE_STRICT_OBJC_MSGSEND = YES;
				GCC_C_LANGUAGE_STANDARD = gnu11;
				GCC_NO_COMMON_BLOCKS = YES;
				GCC_WARN_64_TO_32_BIT_CONVERSION = YES;
				GCC_WARN_ABOUT_RETURN_TYPE = YES_ERROR;
				GCC_WARN_UNDECLARED_SELECTOR = YES;
				GCC_WARN_UNINITIALIZED_AUTOS = YES_AGGRESSIVE;
				GCC_WARN_UNUSED_FUNCTION = YES;
				GCC_WARN_UNUSED_VARIABLE = YES;
				IPHONEOS_DEPLOYMENT_TARGET = 15.0;
				MTL_ENABLE_DEBUG_INFO = NO;
				MTL_FAST_MATH = YES;
				SDKROOT = iphoneos;
				SWIFT_COMPILATION_MODE = wholemodule;
				SWIFT_OPTIMIZATION_LEVEL = "-O";
				VALIDATE_PRODUCT = YES;
			};
			name = Release;
		};
		9766C72D28FC372800C358BF /* Debug */ = {
			isa = XCBuildConfiguration;
			buildSettings = {
				ASSETCATALOG_COMPILER_APPICON_NAME = AppIcon;
				ASSETCATALOG_COMPILER_GLOBAL_ACCENT_COLOR_NAME = AccentColor;
				CODE_SIGN_STYLE = Automatic;
				CURRENT_PROJECT_VERSION = 1;
				GENERATE_INFOPLIST_FILE = YES;
				INFOPLIST_FILE = AdrianoAndersonGustavoLuisPaulo/Info.plist;
				INFOPLIST_KEY_UIApplicationSupportsIndirectInputEvents = YES;
				INFOPLIST_KEY_UILaunchStoryboardName = LaunchScreen;
				INFOPLIST_KEY_UIMainStoryboardFile = Main;
				INFOPLIST_KEY_UISupportedInterfaceOrientations_iPad = "UIInterfaceOrientationPortrait UIInterfaceOrientationPortraitUpsideDown UIInterfaceOrientationLandscapeLeft UIInterfaceOrientationLandscapeRight";
				INFOPLIST_KEY_UISupportedInterfaceOrientations_iPhone = "UIInterfaceOrientationPortrait UIInterfaceOrientationLandscapeLeft UIInterfaceOrientationLandscapeRight";
				LD_RUNPATH_SEARCH_PATHS = (
					"$(inherited)",
					"@executable_path/Frameworks",
				);
				MARKETING_VERSION = 1.0;
				PRODUCT_BUNDLE_IDENTIFIER = br.com.senafsc.AdrianoAndersonGustavoLuisPaulo;
				PRODUCT_NAME = "$(TARGET_NAME)";
				SWIFT_EMIT_LOC_STRINGS = YES;
				SWIFT_VERSION = 5.0;
				TARGETED_DEVICE_FAMILY = "1,2";
			};
			name = Debug;
		};
		9766C72E28FC372800C358BF /* Release */ = {
			isa = XCBuildConfiguration;
			buildSettings = {
				ASSETCATALOG_COMPILER_APPICON_NAME = AppIcon;
				ASSETCATALOG_COMPILER_GLOBAL_ACCENT_COLOR_NAME = AccentColor;
				CODE_SIGN_STYLE = Automatic;
				CURRENT_PROJECT_VERSION = 1;
				GENERATE_INFOPLIST_FILE = YES;
				INFOPLIST_FILE = AdrianoAndersonGustavoLuisPaulo/Info.plist;
				INFOPLIST_KEY_UIApplicationSupportsIndirectInputEvents = YES;
				INFOPLIST_KEY_UILaunchStoryboardName = LaunchScreen;
				INFOPLIST_KEY_UIMainStoryboardFile = Main;
				INFOPLIST_KEY_UISupportedInterfaceOrientations_iPad = "UIInterfaceOrientationPortrait UIInterfaceOrientationPortraitUpsideDown UIInterfaceOrientationLandscapeLeft UIInterfaceOrientationLandscapeRight";
				INFOPLIST_KEY_UISupportedInterfaceOrientations_iPhone = "UIInterfaceOrientationPortrait UIInterfaceOrientationLandscapeLeft UIInterfaceOrientationLandscapeRight";
				LD_RUNPATH_SEARCH_PATHS = (
					"$(inherited)",
					"@executable_path/Frameworks",
				);
				MARKETING_VERSION = 1.0;
				PRODUCT_BUNDLE_IDENTIFIER = br.com.senafsc.AdrianoAndersonGustavoLuisPaulo;
				PRODUCT_NAME = "$(TARGET_NAME)";
				SWIFT_EMIT_LOC_STRINGS = YES;
				SWIFT_VERSION = 5.0;
				TARGETED_DEVICE_FAMILY = "1,2";
			};
			name = Release;
		};
/* End XCBuildConfiguration section */

/* Begin XCConfigurationList section */
		9766C71328FC372700C358BF /* Build configuration list for PBXProject "AdrianoAndersonGustavoLuisPaulo" */ = {
			isa = XCConfigurationList;
			buildConfigurations = (
				9766C72A28FC372800C358BF /* Debug */,
				9766C72B28FC372800C358BF /* Release */,
			);
			defaultConfigurationIsVisible = 0;
			defaultConfigurationName = Release;
		};
		9766C72C28FC372800C358BF /* Build configuration list for PBXNativeTarget "AdrianoAndersonGustavoLuisPaulo" */ = {
			isa = XCConfigurationList;
			buildConfigurations = (
				9766C72D28FC372800C358BF /* Debug */,
				9766C72E28FC372800C358BF /* Release */,
			);
			defaultConfigurationIsVisible = 0;
			defaultConfigurationName = Release;
		};
/* End XCConfigurationList section */
	};
	rootObject = 9766C71028FC372700C358BF /* Project object */;
}
